
Microsoft Visual Studio Solution File, Format Version 12.00
# Visual Studio Version 17
VisualStudioVersion = 17.8.34330.188
MinimumVisualStudioVersion = 10.0.40219.1
Project("{FAE04EC0-301F-11D3-BF4B-00C04F79EFBC}") = "Web_ExclusivedFood", "Web_ExclusivedFood\Web_ExclusivedFood.csproj", "{C968A6E8-5574-49F8-8EBD-65DB6642FE14}"
EndProject
Global
	GlobalSection(SolutionConfigurationPlatforms) = preSolution
		Debug|Any CPU = Debug|Any CPU
		Release|Any CPU = Release|Any CPU
	EndGlobalSection
	GlobalSection(ProjectConfigurationPlatforms) = postSolution
		{C968A6E8-5574-49F8-8EBD-65DB6642FE14}.Debug|Any CPU.ActiveCfg = Debug|Any CPU
		{C968A6E8-5574-49F8-8EBD-65DB6642FE14}.Debug|Any CPU.Build.0 = Debug|Any CPU
		{C968A6E8-5574-49F8-8EBD-65DB6642FE14}.Release|Any CPU.ActiveCfg = Release|Any CPU
		{C968A6E8-5574-49F8-8EBD-65DB6642FE14}.Release|Any CPU.Build.0 = Release|Any CPU
	EndGlobalSection
	GlobalSection(SolutionProperties) = preSolution
		HideSolutionNode = FALSE
	EndGlobalSection
	GlobalSection(ExtensibilityGlobals) = postSolution
		SolutionGuid = {6A8136A7-2DF5-4E6C-93ED-B4EC235B12B3}
	EndGlobalSection
EndGlobal
